
Microsoft Visual Studio Solution File, Format Version 12.00
# Visual Studio Version 17
VisualStudioVersion = 17.8.34408.163
MinimumVisualStudioVersion = 10.0.40219.1
Project("{8BC9CEB8-8B4A-11D0-8D11-00A0C91BC942}") = "Task#2", "Task#2.vcxproj", "{AE5C5B4F-1E5C-4300-B7F2-15F841AA4788}"
EndProject
Global
	GlobalSection(SolutionConfigurationPlatforms) = preSolution
		Debug|x64 = Debug|x64
		Debug|x86 = Debug|x86
		Release|x64 = Release|x64
		Release|x86 = Release|x86
	EndGlobalSection
	GlobalSection(ProjectConfigurationPlatforms) = postSolution
		{AE5C5B4F-1E5C-4300-B7F2-15F841AA4788}.Debug|x64.ActiveCfg = Debug|x64
		{AE5C5B4F-1E5C-4300-B7F2-15F841AA4788}.Debug|x64.Build.0 = Debug|x64
		{AE5C5B4F-1E5C-4300-B7F2-15F841AA4788}.Debug|x86.ActiveCfg = Debug|Win32
		{AE5C5B4F-1E5C-4300-B7F2-15F841AA4788}.Debug|x86.Build.0 = Debug|Win32
		{AE5C5B4F-1E5C-4300-B7F2-15F841AA4788}.Release|x64.ActiveCfg = Release|x64
		{AE5C5B4F-1E5C-4300-B7F2-15F841AA4788}.Release|x64.Build.0 = Release|x64
		{AE5C5B4F-1E5C-4300-B7F2-15F841AA4788}.Release|x86.ActiveCfg = Release|Win32
		{AE5C5B4F-1E5C-4300-B7F2-15F841AA4788}.Release|x86.Build.0 = Release|Win32
	EndGlobalSection
	GlobalSection(SolutionProperties) = preSolution
		HideSolutionNode = FALSE
	EndGlobalSection
	GlobalSection(ExtensibilityGlobals) = postSolution
		SolutionGuid = {7301AA68-4EB5-47E7-BE70-8CDC25EB1D04}
	EndGlobalSection
EndGlobal
