
Microsoft Visual Studio Solution File, Format Version 12.00
# Visual Studio Version 17
VisualStudioVersion = 17.8.34408.163
MinimumVisualStudioVersion = 10.0.40219.1
Project("{8BC9CEB8-8B4A-11D0-8D11-00A0C91BC942}") = "03", "03.vcxproj", "{702D8762-8DA6-40AA-B023-8C6BD486FFA4}"
EndProject
Global
	GlobalSection(SolutionConfigurationPlatforms) = preSolution
		Debug|x64 = Debug|x64
		Debug|x86 = Debug|x86
		Release|x64 = Release|x64
		Release|x86 = Release|x86
	EndGlobalSection
	GlobalSection(ProjectConfigurationPlatforms) = postSolution
		{702D8762-8DA6-40AA-B023-8C6BD486FFA4}.Debug|x64.ActiveCfg = Debug|x64
		{702D8762-8DA6-40AA-B023-8C6BD486FFA4}.Debug|x64.Build.0 = Debug|x64
		{702D8762-8DA6-40AA-B023-8C6BD486FFA4}.Debug|x86.ActiveCfg = Debug|Win32
		{702D8762-8DA6-40AA-B023-8C6BD486FFA4}.Debug|x86.Build.0 = Debug|Win32
		{702D8762-8DA6-40AA-B023-8C6BD486FFA4}.Release|x64.ActiveCfg = Release|x64
		{702D8762-8DA6-40AA-B023-8C6BD486FFA4}.Release|x64.Build.0 = Release|x64
		{702D8762-8DA6-40AA-B023-8C6BD486FFA4}.Release|x86.ActiveCfg = Release|Win32
		{702D8762-8DA6-40AA-B023-8C6BD486FFA4}.Release|x86.Build.0 = Release|Win32
	EndGlobalSection
	GlobalSection(SolutionProperties) = preSolution
		HideSolutionNode = FALSE
	EndGlobalSection
	GlobalSection(ExtensibilityGlobals) = postSolution
		SolutionGuid = {112F0606-CF34-4795-8519-3985F492643C}
	EndGlobalSection
EndGlobal
